
Microsoft Visual Studio Solution File, Format Version 12.00
# Visual Studio Version 17
VisualStudioVersion = 17.9.34902.65
MinimumVisualStudioVersion = 10.0.40219.1
Project("{FAE04EC0-301F-11D3-BF4B-00C04F79EFBC}") = "api", "api\api.csproj", "{0ED8ACE8-8D90-4CB8-A3BF-77A2BAC635A8}"
EndProject
Project("{FAE04EC0-301F-11D3-BF4B-00C04F79EFBC}") = "tests", "tests\tests.csproj", "{15543D8D-D413-4CB6-9026-AE726AD51966}"
EndProject
Global
	GlobalSection(SolutionConfigurationPlatforms) = preSolution
		Debug|Any CPU = Debug|Any CPU
		Release|Any CPU = Release|Any CPU
	EndGlobalSection
	GlobalSection(ProjectConfigurationPlatforms) = postSolution
		{0ED8ACE8-8D90-4CB8-A3BF-77A2BAC635A8}.Debug|Any CPU.ActiveCfg = Debug|Any CPU
		{0ED8ACE8-8D90-4CB8-A3BF-77A2BAC635A8}.Debug|Any CPU.Build.0 = Debug|Any CPU
		{0ED8ACE8-8D90-4CB8-A3BF-77A2BAC635A8}.Release|Any CPU.ActiveCfg = Release|Any CPU
		{0ED8ACE8-8D90-4CB8-A3BF-77A2BAC635A8}.Release|Any CPU.Build.0 = Release|Any CPU
		{15543D8D-D413-4CB6-9026-AE726AD51966}.Debug|Any CPU.ActiveCfg = Debug|Any CPU
		{15543D8D-D413-4CB6-9026-AE726AD51966}.Debug|Any CPU.Build.0 = Debug|Any CPU
		{15543D8D-D413-4CB6-9026-AE726AD51966}.Release|Any CPU.ActiveCfg = Release|Any CPU
		{15543D8D-D413-4CB6-9026-AE726AD51966}.Release|Any CPU.Build.0 = Release|Any CPU
	EndGlobalSection
	GlobalSection(SolutionProperties) = preSolution
		HideSolutionNode = FALSE
	EndGlobalSection
	GlobalSection(ExtensibilityGlobals) = postSolution
		SolutionGuid = {A0740EE8-83AB-4D18-B732-010C4C896840}
	EndGlobalSection
EndGlobal
